
Microsoft Visual Studio Solution File, Format Version 12.00
# Visual Studio Version 17
VisualStudioVersion = 17.5.33312.197
MinimumVisualStudioVersion = 10.0.40219.1
Project("{FAE04EC0-301F-11D3-BF4B-00C04F79EFBC}") = "MdChecker", "MdChecker\MdChecker.csproj", "{2E04C42B-6B0D-4B04-813A-1F52690C7A1D}"
EndProject
Project("{FAE04EC0-301F-11D3-BF4B-00C04F79EFBC}") = "MdChecker.Tests", "MdChecker.Tests\MdChecker.Tests.csproj", "{7C6CD55B-3C53-4F84-A039-5A4EE1D41982}"
EndProject
Global
	GlobalSection(SolutionConfigurationPlatforms) = preSolution
		Debug|Any CPU = Debug|Any CPU
		Release|Any CPU = Release|Any CPU
	EndGlobalSection
	GlobalSection(ProjectConfigurationPlatforms) = postSolution
		{2E04C42B-6B0D-4B04-813A-1F52690C7A1D}.Debug|Any CPU.ActiveCfg = Debug|Any CPU
		{2E04C42B-6B0D-4B04-813A-1F52690C7A1D}.Debug|Any CPU.Build.0 = Debug|Any CPU
		{2E04C42B-6B0D-4B04-813A-1F52690C7A1D}.Release|Any CPU.ActiveCfg = Release|Any CPU
		{2E04C42B-6B0D-4B04-813A-1F52690C7A1D}.Release|Any CPU.Build.0 = Release|Any CPU
		{7C6CD55B-3C53-4F84-A039-5A4EE1D41982}.Debug|Any CPU.ActiveCfg = Debug|Any CPU
		{7C6CD55B-3C53-4F84-A039-5A4EE1D41982}.Debug|Any CPU.Build.0 = Debug|Any CPU
		{7C6CD55B-3C53-4F84-A039-5A4EE1D41982}.Release|Any CPU.ActiveCfg = Release|Any CPU
		{7C6CD55B-3C53-4F84-A039-5A4EE1D41982}.Release|Any CPU.Build.0 = Release|Any CPU
	EndGlobalSection
	GlobalSection(SolutionProperties) = preSolution
		HideSolutionNode = FALSE
	EndGlobalSection
	GlobalSection(ExtensibilityGlobals) = postSolution
		SolutionGuid = {8EF3395F-CAB3-4476-905E-607694B5E068}
	EndGlobalSection
EndGlobal
